<?xml version="1.0" encoding="utf-8"?>
<Project ToolsVersion="4.0" xmlns="http://schemas.microsoft.com/developer/msbuild/2003">
  <ItemGroup>
    <Filter Include="Source Files">
      <UniqueIdentifier>{4FC737F1-C7A5-4376-A066-2A32D752A2FF}</UniqueIdentifier>
      <Extensions>cpp;c;cc;cxx;def;odl;idl;hpj;bat;asm;asmx</Extensions>
    </Filter>
    <Filter Include="Header Files">
      <UniqueIdentifier>{93995380-89BD-4b04-88EB-625FBE52EBFB}</UniqueIdentifier>
      <Extensions>h;hh;hpp;hxx;hm;inl;inc;ipp;xsd</Extensions>
    </Filter>
    <Filter Include="Resource Files">
      <UniqueIdentifier>{67DA6AB6-F800-4c08-8B7A-83BB121AAD01}</UniqueIdentifier>
      <Extensions>rc;ico;cur;bmp;dlg;rc2;rct;bin;rgs;gif;jpg;jpeg;jpe;resx;tiff;tif;png;wav;mfcribbon-ms</Extensions>
    </Filter>
    <Filter Include="Source Files\core">
      <UniqueIdentifier>{5c7f8b53-b2b7-4497-bfe5-be8474fa6d55}</UniqueIdentifier>
    </Filter>
    <Filter Include="Source Files\chess">
      <UniqueIdentifier>{9b5b3d1b-18af-4f35-8046-492eb159760e}</UniqueIdentifier>
    </Filter>
    <Filter Include="Header Files\chess">
      <UniqueIdentifier>{512c722b-8c3b-45e7-9421-5b79eb5085a6}</UniqueIdentifier>
    </Filter>
    <Filter Include="Header Files\core">
      <UniqueIdentifier>{c272cd7d-0687-423b-9eb4-6df9a8deea63}</UniqueIdentifier>
    </Filter>
    <Filter Include="Header Files\stockfish">
      <UniqueIdentifier>{b3033dc1-c0f7-48dc-be7c-44879ed18133}</UniqueIdentifier>
    </Filter>
    <Filter Include="Header Files\stockfish\syzygy">
      <UniqueIdentifier>{5fe71e4c-00b8-4b77-be4d-a7c3d95f046b}</UniqueIdentifier>
    </Filter>
    <Filter Include="Source Files\stockfish">
      <UniqueIdentifier>{62bd756e-a40b-499f-9d4b-4068dd5ac1c9}</UniqueIdentifier>
    </Filter>
    <Filter Include="Source Files\stockfish\syzygy">
      <UniqueIdentifier>{41dc3e35-7920-4f4a-bc28-8cf2b128fb5a}</UniqueIdentifier>
    </Filter>
  </ItemGroup>
  <ItemGroup>
    <ClCompile Include="chess\Board.cpp">
      <Filter>Source Files\chess</Filter>
    </ClCompile>
    <ClCompile Include="chess\BoardState.cpp">
      <Filter>Source Files\chess</Filter>
    </ClCompile>
    <ClCompile Include="core\Paint.cpp">
      <Filter>Source Files\core</Filter>
    </ClCompile>
    <ClCompile Include="core\RectGroup.cpp">
      <Filter>Source Files\core</Filter>
    </ClCompile>
    <ClCompile Include="core\Utils.cpp">
      <Filter>Source Files\core</Filter>
    </ClCompile>
    <ClCompile Include="core\WindowHandler.cpp">
      <Filter>Source Files\core</Filter>
    </ClCompile>
    <ClCompile Include="chess\Bot.cpp">
      <Filter>Source Files\core</Filter>
    </ClCompile>
    <ClCompile Include="core\ButtonSelectorScene.cpp">
      <Filter>Source Files\core</Filter>
    </ClCompile>
    <ClCompile Include="chess\Piece.cpp">
      <Filter>Source Files\chess</Filter>
    </ClCompile>
    <ClCompile Include="stockfish\syzygy\tbprobe.cpp">
      <Filter>Source Files\stockfish\syzygy</Filter>
    </ClCompile>
    <ClCompile Include="stockfish\benchmark.cpp">
      <Filter>Source Files\stockfish</Filter>
    </ClCompile>
    <ClCompile Include="stockfish\bitbase.cpp">
      <Filter>Source Files\stockfish</Filter>
    </ClCompile>
    <ClCompile Include="stockfish\bitboard.cpp">
      <Filter>Source Files\stockfish</Filter>
    </ClCompile>
    <ClCompile Include="stockfish\endgame.cpp">
      <Filter>Source Files\stockfish</Filter>
    </ClCompile>
    <ClCompile Include="stockfish\evaluate.cpp">
      <Filter>Source Files\stockfish</Filter>
    </ClCompile>
    <ClCompile Include="stockfish\material.cpp">
      <Filter>Source Files\stockfish</Filter>
    </ClCompile>
    <ClCompile Include="stockfish\misc.cpp">
      <Filter>Source Files\stockfish</Filter>
    </ClCompile>
    <ClCompile Include="stockfish\movepick.cpp">
      <Filter>Source Files\stockfish</Filter>
    </ClCompile>
    <ClCompile Include="stockfish\pawns.cpp">
      <Filter>Source Files\stockfish</Filter>
    </ClCompile>
    <ClCompile Include="stockfish\position.cpp">
      <Filter>Source Files\stockfish</Filter>
    </ClCompile>
    <ClCompile Include="stockfish\psqt.cpp">
      <Filter>Source Files\stockfish</Filter>
    </ClCompile>
    <ClCompile Include="stockfish\search.cpp">
      <Filter>Source Files\stockfish</Filter>
    </ClCompile>
    <ClCompile Include="stockfish\thread.cpp">
      <Filter>Source Files\stockfish</Filter>
    </ClCompile>
    <ClCompile Include="stockfish\timeman.cpp">
      <Filter>Source Files\stockfish</Filter>
    </ClCompile>
    <ClCompile Include="stockfish\tt.cpp">
      <Filter>Source Files\stockfish</Filter>
    </ClCompile>
    <ClCompile Include="stockfish\uci.cpp">
      <Filter>Source Files\stockfish</Filter>
    </ClCompile>
    <ClCompile Include="stockfish\ucioption.cpp">
      <Filter>Source Files\stockfish</Filter>
    </ClCompile>
    <ClCompile Include="stockfish\movegen.cpp">
      <Filter>Source Files\stockfish</Filter>
    </ClCompile>
    <ClCompile Include="SoundManager.cpp">
      <Filter>Source Files</Filter>
    </ClCompile>
    <ClCompile Include="PauseScene.cpp">
      <Filter>Source Files</Filter>
    </ClCompile>
    <ClCompile Include="PromotionScene.cpp">
      <Filter>Source Files</Filter>
    </ClCompile>
    <ClCompile Include="OptionsScene.cpp">
      <Filter>Source Files</Filter>
    </ClCompile>
    <ClCompile Include="MenuScene.cpp">
      <Filter>Source Files</Filter>
    </ClCompile>
    <ClCompile Include="EndGameScene.cpp">
      <Filter>Source Files</Filter>
    </ClCompile>
    <ClCompile Include="Main.cpp">
      <Filter>Source Files</Filter>
    </ClCompile>
    <ClCompile Include="MainMenuScene.cpp">
      <Filter>Source Files</Filter>
    </ClCompile>
    <ClCompile Include="MainScene.cpp">
      <Filter>Source Files</Filter>
    </ClCompile>
    <ClCompile Include="BoardDrawingScene.cpp">
      <Filter>Source Files</Filter>
    </ClCompile>
  </ItemGroup>
  <ItemGroup>
    <ClInclude Include="chess\Board.h">
      <Filter>Header Files\chess</Filter>
    </ClInclude>
    <ClInclude Include="chess\BoardState.h">
      <Filter>Header Files\chess</Filter>
    </ClInclude>
    <ClInclude Include="chess\Bot.h">
      <Filter>Header Files\chess</Filter>
    </ClInclude>
    <ClInclude Include="core\ButtonSelectorScene.h">
      <Filter>Header Files\core</Filter>
    </ClInclude>
    <ClInclude Include="core\Color.h">
      <Filter>Header Files\core</Filter>
    </ClInclude>
    <ClInclude Include="chess\Common.h">
      <Filter>Header Files\chess</Filter>
    </ClInclude>
    <ClInclude Include="core\Paint.h">
      <Filter>Header Files\core</Filter>
    </ClInclude>
    <ClInclude Include="core\Scene.h">
      <Filter>Header Files\core</Filter>
    </ClInclude>
    <ClInclude Include="core\RectGroup.h">
      <Filter>Header Files\core</Filter>
    </ClInclude>
    <ClInclude Include="chess\Piece.h">
      <Filter>Header Files\chess</Filter>
    </ClInclude>
    <ClInclude Include="core\Utils.h">
      <Filter>Header Files\core</Filter>
    </ClInclude>
    <ClInclude Include="core\WaveSound.h">
      <Filter>Header Files\core</Filter>
    </ClInclude>
    <ClInclude Include="core\WindowHandler.h">
      <Filter>Header Files\core</Filter>
    </ClInclude>
    <ClInclude Include="stockfish\syzygy\tbprobe.h">
      <Filter>Header Files\stockfish\syzygy</Filter>
    </ClInclude>
    <ClInclude Include="stockfish\endgame.h">
      <Filter>Header Files\stockfish</Filter>
    </ClInclude>
    <ClInclude Include="stockfish\evaluate.h">
      <Filter>Header Files\stockfish</Filter>
    </ClInclude>
    <ClInclude Include="stockfish\material.h">
      <Filter>Header Files\stockfish</Filter>
    </ClInclude>
    <ClInclude Include="stockfish\bitboard.h">
      <Filter>Header Files\stockfish</Filter>
    </ClInclude>
    <ClInclude Include="stockfish\uci.h">
      <Filter>Header Files\stockfish</Filter>
    </ClInclude>
    <ClInclude Include="stockfish\types.h">
      <Filter>Header Files\stockfish</Filter>
    </ClInclude>
    <ClInclude Include="stockfish\tt.h">
      <Filter>Header Files\stockfish</Filter>
    </ClInclude>
    <ClInclude Include="stockfish\timeman.h">
      <Filter>Header Files\stockfish</Filter>
    </ClInclude>
    <ClInclude Include="stockfish\thread_win32_osx.h">
      <Filter>Header Files\stockfish</Filter>
    </ClInclude>
    <ClInclude Include="stockfish\thread.h">
      <Filter>Header Files\stockfish</Filter>
    </ClInclude>
    <ClInclude Include="stockfish\search.h">
      <Filter>Header Files\stockfish</Filter>
    </ClInclude>
    <ClInclude Include="stockfish\position.h">
      <Filter>Header Files\stockfish</Filter>
    </ClInclude>
    <ClInclude Include="stockfish\pawns.h">
      <Filter>Header Files\stockfish</Filter>
    </ClInclude>
    <ClInclude Include="stockfish\movepick.h">
      <Filter>Header Files\stockfish</Filter>
    </ClInclude>
    <ClInclude Include="stockfish\misc.h">
      <Filter>Header Files\stockfish</Filter>
    </ClInclude>
    <ClInclude Include="stockfish\movegen.h">
      <Filter>Header Files\stockfish</Filter>
    </ClInclude>
    <ClInclude Include="EndGameScene.h">
      <Filter>Header Files</Filter>
    </ClInclude>
    <ClInclude Include="MainMenuScene.h">
      <Filter>Header Files</Filter>
    </ClInclude>
    <ClInclude Include="MainScene.h">
      <Filter>Header Files</Filter>
    </ClInclude>
    <ClInclude Include="MenuScene.h">
      <Filter>Header Files</Filter>
    </ClInclude>
    <ClInclude Include="OptionsScene.h">
      <Filter>Header Files</Filter>
    </ClInclude>
    <ClInclude Include="PromotionScene.h">
      <Filter>Header Files</Filter>
    </ClInclude>
    <ClInclude Include="SceneCommon.h">
      <Filter>Header Files</Filter>
    </ClInclude>
    <ClInclude Include="SoundManager.h">
      <Filter>Header Files</Filter>
    </ClInclude>
    <ClInclude Include="Sprites.h">
      <Filter>Header Files</Filter>
    </ClInclude>
    <ClInclude Include="PauseScene.h">
      <Filter>Header Files</Filter>
    </ClInclude>
    <ClInclude Include="BoardDrawingScene.h">
      <Filter>Header Files</Filter>
    </ClInclude>
    <ClInclude Include="core\ConstPaletteSprite.h">
      <Filter>Header Files\core</Filter>
    </ClInclude>
    <ClInclude Include="core\PaletteSprite.h">
      <Filter>Header Files\core</Filter>
    </ClInclude>
  </ItemGroup>
</Project>